
Microsoft Visual Studio Solution File, Format Version 12.00
# Visual Studio Version 17
VisualStudioVersion = 17.7.34024.191
MinimumVisualStudioVersion = 10.0.40219.1
Project("{9A19103F-16F7-4668-BE54-9A1E7A4F7556}") = "Day3", "FirstApplication\Day3.csproj", "{0DB6E766-593B-47ED-BB4A-15884D42BF36}"
EndProject
Global
	GlobalSection(SolutionConfigurationPlatforms) = preSolution
		Debug|Any CPU = Debug|Any CPU
		Release|Any CPU = Release|Any CPU
	EndGlobalSection
	GlobalSection(ProjectConfigurationPlatforms) = postSolution
		{0DB6E766-593B-47ED-BB4A-15884D42BF36}.Debug|Any CPU.ActiveCfg = Debug|Any CPU
		{0DB6E766-593B-47ED-BB4A-15884D42BF36}.Debug|Any CPU.Build.0 = Debug|Any CPU
		{0DB6E766-593B-47ED-BB4A-15884D42BF36}.Release|Any CPU.ActiveCfg = Release|Any CPU
		{0DB6E766-593B-47ED-BB4A-15884D42BF36}.Release|Any CPU.Build.0 = Release|Any CPU
	EndGlobalSection
	GlobalSection(SolutionProperties) = preSolution
		HideSolutionNode = FALSE
	EndGlobalSection
	GlobalSection(ExtensibilityGlobals) = postSolution
		SolutionGuid = {597D3E13-F5A6-414F-9CA5-499B5BBAB6A1}
	EndGlobalSection
EndGlobal
